
Microsoft Visual Studio Solution File, Format Version 12.00
# Visual Studio Version 16
VisualStudioVersion = 16.0.29519.87
MinimumVisualStudioVersion = 10.0.40219.1
Project("{FAE04EC0-301F-11D3-BF4B-00C04F79EFBC}") = "RazorPagesDemo", "RazorPagesDemo\RazorPagesDemo.csproj", "{119987B5-1D21-4ACA-A708-4A186658029B}"
EndProject
Global
	GlobalSection(SolutionConfigurationPlatforms) = preSolution
		Debug|Any CPU = Debug|Any CPU
		Release|Any CPU = Release|Any CPU
	EndGlobalSection
	GlobalSection(ProjectConfigurationPlatforms) = postSolution
		{119987B5-1D21-4ACA-A708-4A186658029B}.Debug|Any CPU.ActiveCfg = Debug|Any CPU
		{119987B5-1D21-4ACA-A708-4A186658029B}.Debug|Any CPU.Build.0 = Debug|Any CPU
		{119987B5-1D21-4ACA-A708-4A186658029B}.Release|Any CPU.ActiveCfg = Release|Any CPU
		{119987B5-1D21-4ACA-A708-4A186658029B}.Release|Any CPU.Build.0 = Release|Any CPU
	EndGlobalSection
	GlobalSection(SolutionProperties) = preSolution
		HideSolutionNode = FALSE
	EndGlobalSection
	GlobalSection(ExtensibilityGlobals) = postSolution
		SolutionGuid = {F32BB28C-F591-43EC-8A84-66029293A398}
	EndGlobalSection
EndGlobal
